
Microsoft Visual Studio Solution File, Format Version 12.00
# Visual Studio Version 17
VisualStudioVersion = 17.3.32929.385
MinimumVisualStudioVersion = 10.0.40219.1
Project("{FAE04EC0-301F-11D3-BF4B-00C04F79EFBC}") = "Library.FindingAid.API", "Library.FindingAid.API\Library.FindingAid.API.csproj", "{DB4214B0-3BD5-49D4-9562-119201513B3E}"
EndProject
Global
	GlobalSection(SolutionConfigurationPlatforms) = preSolution
		Debug|Any CPU = Debug|Any CPU
		Release|Any CPU = Release|Any CPU
	EndGlobalSection
	GlobalSection(ProjectConfigurationPlatforms) = postSolution
		{DB4214B0-3BD5-49D4-9562-119201513B3E}.Debug|Any CPU.ActiveCfg = Debug|Any CPU
		{DB4214B0-3BD5-49D4-9562-119201513B3E}.Debug|Any CPU.Build.0 = Debug|Any CPU
		{DB4214B0-3BD5-49D4-9562-119201513B3E}.Release|Any CPU.ActiveCfg = Release|Any CPU
		{DB4214B0-3BD5-49D4-9562-119201513B3E}.Release|Any CPU.Build.0 = Release|Any CPU
	EndGlobalSection
	GlobalSection(SolutionProperties) = preSolution
		HideSolutionNode = FALSE
	EndGlobalSection
	GlobalSection(ExtensibilityGlobals) = postSolution
		SolutionGuid = {E8077F62-2723-46C2-B333-4F29F8FAB51A}
	EndGlobalSection
EndGlobal
